
Microsoft Visual Studio Solution File, Format Version 12.00
# Visual Studio Version 17
VisualStudioVersion = 17.4.33122.133
MinimumVisualStudioVersion = 10.0.40219.1
Project("{FAE04EC0-301F-11D3-BF4B-00C04F79EFBC}") = "Project Eru", "Project Eru.csproj", "{DE47A1C5-1AC5-465C-9DC4-4D9B9C57C622}"
EndProject
Global
	GlobalSection(SolutionConfigurationPlatforms) = preSolution
		Debug|Any CPU = Debug|Any CPU
		Release|Any CPU = Release|Any CPU
	EndGlobalSection
	GlobalSection(ProjectConfigurationPlatforms) = postSolution
		{DE47A1C5-1AC5-465C-9DC4-4D9B9C57C622}.Debug|Any CPU.ActiveCfg = Debug|Any CPU
		{DE47A1C5-1AC5-465C-9DC4-4D9B9C57C622}.Debug|Any CPU.Build.0 = Debug|Any CPU
		{DE47A1C5-1AC5-465C-9DC4-4D9B9C57C622}.Release|Any CPU.ActiveCfg = Release|Any CPU
		{DE47A1C5-1AC5-465C-9DC4-4D9B9C57C622}.Release|Any CPU.Build.0 = Release|Any CPU
	EndGlobalSection
	GlobalSection(SolutionProperties) = preSolution
		HideSolutionNode = FALSE
	EndGlobalSection
	GlobalSection(ExtensibilityGlobals) = postSolution
		SolutionGuid = {675A9182-EE8C-44E6-B0DC-30A51451832E}
	EndGlobalSection
EndGlobal
